// !$*UTF8*$!
{
	archiveVersion = 1;
	classes = {
	};
	objectVersion = 46;
	objects = {

/* Begin PBXBuildFile section */
		3B49074A1EE311A000C9F4A5 /* AppDelegate.swift in Sources */ = {isa = PBXBuildFile; fileRef = 3B4907491EE311A000C9F4A5 /* AppDelegate.swift */; };
		3B49074C1EE311A000C9F4A5 /* ViewController.swift in Sources */ = {isa = PBXBuildFile; fileRef = 3B49074B1EE311A000C9F4A5 /* ViewController.swift */; };
		3B49074F1EE311A000C9F4A5 /* Main.storyboard in Resources */ = {isa = PBXBuildFile; fileRef = 3B49074D1EE311A000C9F4A5 /* Main.storyboard */; };
		3B4907511EE311A000C9F4A5 /* Assets.xcassets in Resources */ = {isa = PBXBuildFile; fileRef = 3B4907501EE311A000C9F4A5 /* Assets.xcassets */; };
		3B4907541EE311A000C9F4A5 /* LaunchScreen.storyboard in Resources */ = {isa = PBXBuildFile; fileRef = 3B4907521EE311A000C9F4A5 /* LaunchScreen.storyboard */; };
/* End PBXBuildFile section */

/* Begin PBXFileReference section */
		3B4907461EE311A000C9F4A5 /* Test git repositories.app */ = {isa = PBXFileReference; explicitFileType = wrapper.application; includeInIndex = 0; path = "Test git repositories.app"; sourceTree = BUILT_PRODUCTS_DIR; };
		3B4907491EE311A000C9F4A5 /* AppDelegate.swift */ = {isa = PBXFileReference; lastKnownFileType = sourcecode.swift; path = AppDelegate.swift; sourceTree = "<group>"; };
		3B49074B1EE311A000C9F4A5 /* ViewController.swift */ = {isa = PBXFileReference; lastKnownFileType = sourcecode.swift; path = ViewController.swift; sourceTree = "<group>"; };
		3B49074E1EE311A000C9F4A5 /* Base */ = {isa = PBXFileReference; lastKnownFileType = file.storyboard; name = Base; path = Base.lproj/Main.storyboard; sourceTree = "<group>"; };
		3B4907501EE311A000C9F4A5 /* Assets.xcassets */ = {isa = PBXFileReference; lastKnownFileType = folder.assetcatalog; path = Assets.xcassets; sourceTree = "<group>"; };
		3B4907531EE311A000C9F4A5 /* Base */ = {isa = PBXFileReference; lastKnownFileType = file.storyboard; name = Base; path = Base.lproj/LaunchScreen.storyboard; sourceTree = "<group>"; };
		3B4907551EE311A000C9F4A5 /* Info.plist */ = {isa = PBXFileReference; lastKnownFileType = text.plist.xml; path = Info.plist; sourceTree = "<group>"; };
/* End PBXFileReference section */

/* Begin PBXFrameworksBuildPhase section */
		3B4907431EE311A000C9F4A5 /* Frameworks */ = {
			isa = PBXFrameworksBuildPhase;
			buildActionMask = 2147483647;
			files = (
			);
			runOnlyForDeploymentPostprocessing = 0;
		};
/* End PBXFrameworksBuildPhase section */

/* Begin PBXGroup section */
		3B49073D1EE311A000C9F4A5 = {
			isa = PBXGroup;
			children = (
				3B4907481EE311A000C9F4A5 /* Test git repositories */,
				3B4907471EE311A000C9F4A5 /* Products */,
			);
			sourceTree = "<group>";
		};
		3B4907471EE311A000C9F4A5 /* Products */ = {
			isa = PBXGroup;
			children = (
				3B4907461EE311A000C9F4A5 /* Test git repositories.app */,
			);
			name = Products;
			sourceTree = "<group>";
		};
		3B4907481EE311A000C9F4A5 /* Test git repositories */ = {
			isa = PBXGroup;
			children = (
				3B4907491EE311A000C9F4A5 /* AppDelegate.swift */,
				3B49074B1EE311A000C9F4A5 /* ViewController.swift */,
				3B49074D1EE311A000C9F4A5 /* Main.storyboard */,
				3B4907501EE311A000C9F4A5 /* Assets.xcassets */,
				3B4907521EE311A000C9F4A5 /* LaunchScreen.storyboard */,
				3B4907551EE311A000C9F4A5 /* Info.plist */,
			);
			path = "Test git repositories";
			sourceTree = "<group>";
		};
/* End PBXGroup section */

/* Begin PBXNativeTarget section */
		3B4907451EE311A000C9F4A5 /* Test git repositories */ = {
			isa = PBXNativeTarget;
			buildConfigurationList = 3B4907581EE311A000C9F4A5 /* Build configuration list for PBXNativeTarget "Test git repositories" */;
			buildPhases = (
				3B4907421EE311A000C9F4A5 /* Sources */,
				3B4907431EE311A000C9F4A5 /* Frameworks */,
				3B4907441EE311A000C9F4A5 /* Resources */,
			);
			buildRules = (
			);
			dependencies = (
			);
			name = "Test git repositories";
			productName = "Test git repositories";
			productReference = 3B4907461EE311A000C9F4A5 /* Test git repositories.app */;
			productType = "com.apple.product-type.application";
		};
/* End PBXNativeTarget section */

/* Begin PBXProject section */
		3B49073E1EE311A000C9F4A5 /* Project object */ = {
			isa = PBXProject;
			attributes = {
				LastSwiftUpdateCheck = 0830;
				LastUpgradeCheck = 0830;
				ORGANIZATIONNAME = vale;
				TargetAttributes = {
					3B4907451EE311A000C9F4A5 = {
						CreatedOnToolsVersion = 8.3.2;
						ProvisioningStyle = Automatic;
					};
				};
			};
			buildConfigurationList = 3B4907411EE311A000C9F4A5 /* Build configuration list for PBXProject "Test git repositories" */;
			compatibilityVersion = "Xcode 3.2";
			developmentRegion = English;
			hasScannedForEncodings = 0;
			knownRegions = (
				en,
				Base,
			);
			mainGroup = 3B49073D1EE311A000C9F4A5;
			productRefGroup = 3B4907471EE311A000C9F4A5 /* Products */;
			projectDirPath = "";
			projectRoot = "";
			targets = (
				3B4907451EE311A000C9F4A5 /* Test git repositories */,
			);
		};
/* End PBXProject section */

/* Begin PBXResourcesBuildPhase section */
		3B4907441EE311A000C9F4A5 /* Resources */ = {
			isa = PBXResourcesBuildPhase;
			buildActionMask = 2147483647;
			files = (
				3B4907541EE311A000C9F4A5 /* LaunchScreen.storyboard in Resources */,
				3B4907511EE311A000C9F4A5 /* Assets.xcassets in Resources */,
				3B49074F1EE311A000C9F4A5 /* Main.storyboard in Resources */,
			);
			runOnlyForDeploymentPostprocessing = 0;
		};
/* End PBXResourcesBuildPhase section */

/* Begin PBXSourcesBuildPhase section */
		3B4907421EE311A000C9F4A5 /* Sources */ = {
			isa = PBXSourcesBuildPhase;
			buildActionMask = 2147483647;
			files = (
				3B49074C1EE311A000C9F4A5 /* ViewController.swift in Sources */,
				3B49074A1EE311A000C9F4A5 /* AppDelegate.swift in Sources */,
			);
			runOnlyForDeploymentPostprocessing = 0;
		};
/* End PBXSourcesBuildPhase section */

/* Begin PBXVariantGroup section */
		3B49074D1EE311A000C9F4A5 /* Main.storyboard */ = {
			isa = PBXVariantGroup;
			children = (
				3B49074E1EE311A000C9F4A5 /* Base */,
			);
			name = Main.storyboard;
			sourceTree = "<group>";
		};
		3B4907521EE311A000C9F4A5 /* LaunchScreen.storyboard */ = {
			isa = PBXVariantGroup;
			children = (
				3B4907531EE311A000C9F4A5 /* Base */,
			);
			name = LaunchScreen.storyboard;
			sourceTree = "<group>";
		};
/* End PBXVariantGroup section */

/* Begin XCBuildConfiguration section */
		3B4907561EE311A000C9F4A5 /* Debug */ = {
			isa = XCBuildConfiguration;
			buildSettings = {
				ALWAYS_SEARCH_USER_PATHS = NO;
				CLANG_ANALYZER_NONNULL = YES;
				CLANG_ANALYZER_NUMBER_OBJECT_CONVERSION = YES_AGGRESSIVE;
				CLANG_CXX_LANGUAGE_STANDARD = "gnu++0x";
				CLANG_CXX_LIBRARY = "libc++";
				CLANG_ENABLE_MODULES = YES;
				CLANG_ENABLE_OBJC_ARC = YES;
				CLANG_WARN_BOOL_CONVERSION = YES;
				CLANG_WARN_CONSTANT_CONVERSION = YES;
				CLANG_WARN_DIRECT_OBJC_ISA_USAGE = YES_ERROR;
				CLANG_WARN_DOCUMENTATION_COMMENTS = YES;
				CLANG_WARN_EMPTY_BODY = YES;
				CLANG_WARN_ENUM_CONVERSION = YES;
				CLANG_WARN_INFINITE_RECURSION = YES;
				CLANG_WARN_INT_CONVERSION = YES;
				CLANG_WARN_OBJC_ROOT_CLASS = YES_ERROR;
				CLANG_WARN_SUSPICIOUS_MOVE = YES;
				CLANG_WARN_UNREACHABLE_CODE = YES;
				CLANG_WARN__DUPLICATE_METHOD_MATCH = YES;
				"CODE_SIGN_IDENTITY[sdk=iphoneos*]" = "iPhone Developer";
				COPY_PHASE_STRIP = NO;
				DEBUG_INFORMATION_FORMAT = dwarf;
				ENABLE_STRICT_OBJC_MSGSEND = YES;
				ENABLE_TESTABILITY = YES;
				GCC_C_LANGUAGE_STANDARD = gnu99;
				GCC_DYNAMIC_NO_PIC = NO;
				GCC_NO_COMMON_BLOCKS = YES;
				GCC_OPTIMIZATION_LEVEL = 0;
				GCC_PREPROCESSOR_DEFINITIONS = (
					"DEBUG=1",
					"$(inherited)",
				);
				GCC_WARN_64_TO_32_BIT_CONVERSION = YES;
				GCC_WARN_ABOUT_RETURN_TYPE = YES_ERROR;
				GCC_WARN_UNDECLARED_SELECTOR = YES;
				GCC_WARN_UNINITIALIZED_AUTOS = YES_AGGRESSIVE;
				GCC_WARN_UNUSED_FUNCTION = YES;
				GCC_WARN_UNUSED_VARIABLE = YES;
				IPHONEOS_DEPLOYMENT_TARGET = 10.3;
				MTL_ENABLE_DEBUG_INFO = YES;
				ONLY_ACTIVE_ARCH = YES;
				SDKROOT = iphoneos;
				SWIFT_ACTIVE_COMPILATION_CONDITIONS = DEBUG;
				SWIFT_OPTIMIZATION_LEVEL = "-Onone";
				TARGETED_DEVICE_FAMILY = "1,2";
			};
			name = Debug;
		};
		3B4907571EE311A000C9F4A5 /* Release */ = {
			isa = XCBuildConfiguration;
			buildSettings = {
				ALWAYS_SEARCH_USER_PATHS = NO;
				CLANG_ANALYZER_NONNULL = YES;
				CLANG_ANALYZER_NUMBER_OBJECT_CONVERSION = YES_AGGRESSIVE;
				CLANG_CXX_LANGUAGE_STANDARD = "gnu++0x";
				CLANG_CXX_LIBRARY = "libc++";
				CLANG_ENABLE_MODULES = YES;
				CLANG_ENABLE_OBJC_ARC = YES;
				CLANG_WARN_BOOL_CONVERSION = YES;
				CLANG_WARN_CONSTANT_CONVERSION = YES;
				CLANG_WARN_DIRECT_OBJC_ISA_USAGE = YES_ERROR;
				CLANG_WARN_DOCUMENTATION_COMMENTS = YES;
				CLANG_WARN_EMPTY_BODY = YES;
				CLANG_WARN_ENUM_CONVERSION = YES;
				CLANG_WARN_INFINITE_RECURSION = YES;
				CLANG_WARN_INT_CONVERSION = YES;
				CLANG_WARN_OBJC_ROOT_CLASS = YES_ERROR;
				CLANG_WARN_SUSPICIOUS_MOVE = YES;
				CLANG_WARN_UNREACHABLE_CODE = YES;
				CLANG_WARN__DUPLICATE_METHOD_MATCH = YES;
				"CODE_SIGN_IDENTITY[sdk=iphoneos*]" = "iPhone Developer";
				COPY_PHASE_STRIP = NO;
				DEBUG_INFORMATION_FORMAT = "dwarf-with-dsym";
				ENABLE_NS_ASSERTIONS = NO;
				ENABLE_STRICT_OBJC_MSGSEND = YES;
				GCC_C_LANGUAGE_STANDARD = gnu99;
				GCC_NO_COMMON_BLOCKS = YES;
				GCC_WARN_64_TO_32_BIT_CONVERSION = YES;
				GCC_WARN_ABOUT_RETURN_TYPE = YES_ERROR;
				GCC_WARN_UNDECLARED_SELECTOR = YES;
				GCC_WARN_UNINITIALIZED_AUTOS = YES_AGGRESSIVE;
				GCC_WARN_UNUSED_FUNCTION = YES;
				GCC_WARN_UNUSED_VARIABLE = YES;
				IPHONEOS_DEPLOYMENT_TARGET = 10.3;
				MTL_ENABLE_DEBUG_INFO = NO;
				SDKROOT = iphoneos;
				SWIFT_OPTIMIZATION_LEVEL = "-Owholemodule";
				TARGETED_DEVICE_FAMILY = "1,2";
				VALIDATE_PRODUCT = YES;
			};
			name = Release;
		};
		3B4907591EE311A000C9F4A5 /* Debug */ = {
			isa = XCBuildConfiguration;
			buildSettings = {
				ASSETCATALOG_COMPILER_APPICON_NAME = AppIcon;
				INFOPLIST_FILE = "Test git repositories/Info.plist";
				LD_RUNPATH_SEARCH_PATHS = "$(inherited) @executable_path/Frameworks";
				PRODUCT_BUNDLE_IDENTIFIER = "vale.Test-git-repositories";
				PRODUCT_NAME = "$(TARGET_NAME)";
				SWIFT_VERSION = 3.0;
			};
			name = Debug;
		};
		3B49075A1EE311A000C9F4A5 /* Release */ = {
			isa = XCBuildConfiguration;
			buildSettings = {
				ASSETCATALOG_COMPILER_APPICON_NAME = AppIcon;
				INFOPLIST_FILE = "Test git repositories/Info.plist";
				LD_RUNPATH_SEARCH_PATHS = "$(inherited) @executable_path/Frameworks";
				PRODUCT_BUNDLE_IDENTIFIER = "vale.Test-git-repositories";
				PRODUCT_NAME = "$(TARGET_NAME)";
				SWIFT_VERSION = 3.0;
			};
			name = Release;
		};
/* End XCBuildConfiguration section */

/* Begin XCConfigurationList section */
		3B4907411EE311A000C9F4A5 /* Build configuration list for PBXProject "Test git repositories" */ = {
			isa = XCConfigurationList;
			buildConfigurations = (
				3B4907561EE311A000C9F4A5 /* Debug */,
				3B4907571EE311A000C9F4A5 /* Release */,
			);
			defaultConfigurationIsVisible = 0;
			defaultConfigurationName = Release;
		};
		3B4907581EE311A000C9F4A5 /* Build configuration list for PBXNativeTarget "Test git repositories" */ = {
			isa = XCConfigurationList;
			buildConfigurations = (
				3B4907591EE311A000C9F4A5 /* Debug */,
				3B49075A1EE311A000C9F4A5 /* Release */,
			);
			defaultConfigurationIsVisible = 0;
		};
/* End XCConfigurationList section */
	};
	rootObject = 3B49073E1EE311A000C9F4A5 /* Project object */;
}
